<?xml version="1.0" encoding="utf-8"?>
<Project ToolsVersion="4.0" xmlns="http://schemas.microsoft.com/developer/msbuild/2003">
  <ItemGroup>
    <Filter Include="Source Files">
      <UniqueIdentifier>{4FC737F1-C7A5-4376-A066-2A32D752A2FF}</UniqueIdentifier>
      <Extensions>cpp;c;cc;cxx;c++;cppm;ixx;def;odl;idl;hpj;bat;asm;asmx</Extensions>
    </Filter>
    <Filter Include="Header Files">
      <UniqueIdentifier>{93995380-89BD-4b04-88EB-625FBE52EBFB}</UniqueIdentifier>
      <Extensions>h;hh;hpp;hxx;h++;hm;inl;inc;ipp;xsd</Extensions>
    </Filter>
    <Filter Include="Resource Files">
      <UniqueIdentifier>{67DA6AB6-F800-4c08-8B7A-83BB121AAD01}</UniqueIdentifier>
      <Extensions>rc;ico;cur;bmp;dlg;rc2;rct;bin;rgs;gif;jpg;jpeg;jpe;resx;tiff;tif;png;wav;mfcribbon-ms</Extensions>
    </Filter>
  </ItemGroup>
  <ItemGroup>
    <ClCompile Include="src\main.cpp">
      <Filter>Source Files</Filter>
    </ClCompile>
    <ClCompile Include="src\entity.cpp">
      <Filter>Source Files</Filter>
    </ClCompile>
    <ClCompile Include="src\sfmlExtension.cpp">
      <Filter>Source Files</Filter>
    </ClCompile>
    <ClCompile Include="src\textures.cpp">
      <Filter>Source Files</Filter>
    </ClCompile>
    <ClCompile Include="src\timer.cpp">
      <Filter>Source Files</Filter>
    </ClCompile>
    <ClCompile Include="src\gun.cpp">
      <Filter>Source Files</Filter>
    </ClCompile>
    <ClCompile Include="src\player.cpp">
      <Filter>Source Files</Filter>
    </ClCompile>
    <ClCompile Include="src\pch.cpp">
      <Filter>Source Files</Filter>
    </ClCompile>
    <ClCompile Include="src\bullet.cpp">
      <Filter>Source Files</Filter>
    </ClCompile>
    <ClCompile Include="src\enemy.cpp">
      <Filter>Source Files</Filter>
    </ClCompile>
    <ClCompile Include="src\coin.cpp">
      <Filter>Source Files</Filter>
    </ClCompile>
    <ClCompile Include="src\staticEntity.cpp">
      <Filter>Source Files</Filter>
    </ClCompile>
    <ClCompile Include="src\game.cpp">
      <Filter>Source Files</Filter>
    </ClCompile>
    <ClCompile Include="src\flag.cpp">
      <Filter>Source Files</Filter>
    </ClCompile>
    <ClCompile Include="src\gameLoops.cpp">
      <Filter>Source Files</Filter>
    </ClCompile>
    <ClCompile Include="src\gameUserData.cpp">
      <Filter>Source Files</Filter>
    </ClCompile>
    <ClCompile Include="src\colour.cpp">
      <Filter>Source Files</Filter>
    </ClCompile>
    <ClCompile Include="src\button.cpp">
      <Filter>Source Files</Filter>
    </ClCompile>
    <ClCompile Include="src\connection.cpp">
      <Filter>Source Files</Filter>
    </ClCompile>
    <ClCompile Include="src\gameDraw.cpp">
      <Filter>Source Files</Filter>
    </ClCompile>
    <ClCompile Include="src\collectables.cpp">
      <Filter>Source Files</Filter>
    </ClCompile>
  </ItemGroup>
  <ItemGroup>
    <Text Include="assets\maps\1.txt" />
    <Text Include="assets\maps\2.txt" />
    <Text Include="assets\maps\3.txt" />
    <Text Include="assets\maps\4.txt" />
    <Text Include="assets\maps\5.txt" />
  </ItemGroup>
  <ItemGroup>
    <None Include="assets\player\player_0.psd" />
    <None Include="assets\player\player_1.psd" />
    <None Include="assets\player\player_2.psd" />
    <None Include="assets\world\dirt.psd" />
    <None Include="assets\guns\pistol.psd" />
    <None Include="assets\guns\bullet.psd" />
    <None Include="assets\world\floorTile.psd" />
    <None Include="assets\world\grass.psd" />
    <None Include="assets\world\coin_0.psd" />
    <None Include="assets\player\player_3.psd" />
    <None Include="assets\player\player_4.psd" />
    <None Include="assets\enemy\enemy_1.psd" />
    <None Include="assets\world\coin_1.psd" />
    <None Include="assets\world\coin_2.psd" />
    <None Include="assets\world\flag_0.psd" />
    <None Include="assets\world\flag_1.psd" />
    <None Include="assets\mainMenu\logo.psd" />
    <None Include="_user\_userdata.jcf" />
    <None Include="openal32.dll" />
  </ItemGroup>
  <ItemGroup>
    <ClInclude Include="hdr\entity.h">
      <Filter>Header Files</Filter>
    </ClInclude>
    <ClInclude Include="hdr\game.h">
      <Filter>Header Files</Filter>
    </ClInclude>
    <ClInclude Include="hdr\gun.h">
      <Filter>Header Files</Filter>
    </ClInclude>
    <ClInclude Include="hdr\sfmlExtension.h">
      <Filter>Header Files</Filter>
    </ClInclude>
    <ClInclude Include="hdr\textuers.h">
      <Filter>Header Files</Filter>
    </ClInclude>
    <ClInclude Include="hdr\timer.h">
      <Filter>Header Files</Filter>
    </ClInclude>
    <ClInclude Include="hdr\pch.h">
      <Filter>Header Files</Filter>
    </ClInclude>
    <ClInclude Include="hdr\bullet.h">
      <Filter>Header Files</Filter>
    </ClInclude>
    <ClInclude Include="hdr\collectables.h">
      <Filter>Header Files</Filter>
    </ClInclude>
    <ClInclude Include="hdr\flag.h">
      <Filter>Header Files</Filter>
    </ClInclude>
    <ClInclude Include="hdr\settings.h">
      <Filter>Header Files</Filter>
    </ClInclude>
    <ClInclude Include="hdr\colour.h">
      <Filter>Header Files</Filter>
    </ClInclude>
    <ClInclude Include="hdr\button.h">
      <Filter>Header Files</Filter>
    </ClInclude>
    <ClInclude Include="hdr\connection.h">
      <Filter>Header Files</Filter>
    </ClInclude>
  </ItemGroup>
  <ItemGroup>
    <Font Include="assets\fonts\comic.ttf" />
  </ItemGroup>
  <ItemGroup>
    <Media Include="assets\audio\project 1.wav">
      <Filter>Resource Files</Filter>
    </Media>
    <Media Include="assets\audio\collection.wav">
      <Filter>Resource Files</Filter>
    </Media>
    <Media Include="assets\audio\gun 1.mp3" />
    <Media Include="assets\audio\gun 2.wav">
      <Filter>Resource Files</Filter>
    </Media>
  </ItemGroup>
</Project>